
Microsoft Visual Studio Solution File, Format Version 12.00
# Visual Studio Version 17
VisualStudioVersion = 17.4.33103.184
MinimumVisualStudioVersion = 10.0.40219.1
Project("{8BC9CEB8-8B4A-11D0-8D11-00A0C91BC942}") = "Dungeon_Dive_Card_Game_0.03", "Dungeon_Dive_Card_Game_0.03.vcxproj", "{B473E724-39B3-4A1E-9543-5E5643AE65EA}"
EndProject
Global
	GlobalSection(SolutionConfigurationPlatforms) = preSolution
		Debug|x64 = Debug|x64
		Debug|x86 = Debug|x86
		Release|x64 = Release|x64
		Release|x86 = Release|x86
	EndGlobalSection
	GlobalSection(ProjectConfigurationPlatforms) = postSolution
		{B473E724-39B3-4A1E-9543-5E5643AE65EA}.Debug|x64.ActiveCfg = Debug|x64
		{B473E724-39B3-4A1E-9543-5E5643AE65EA}.Debug|x64.Build.0 = Debug|x64
		{B473E724-39B3-4A1E-9543-5E5643AE65EA}.Debug|x86.ActiveCfg = Debug|Win32
		{B473E724-39B3-4A1E-9543-5E5643AE65EA}.Debug|x86.Build.0 = Debug|Win32
		{B473E724-39B3-4A1E-9543-5E5643AE65EA}.Release|x64.ActiveCfg = Release|x64
		{B473E724-39B3-4A1E-9543-5E5643AE65EA}.Release|x64.Build.0 = Release|x64
		{B473E724-39B3-4A1E-9543-5E5643AE65EA}.Release|x86.ActiveCfg = Release|Win32
		{B473E724-39B3-4A1E-9543-5E5643AE65EA}.Release|x86.Build.0 = Release|Win32
	EndGlobalSection
	GlobalSection(SolutionProperties) = preSolution
		HideSolutionNode = FALSE
	EndGlobalSection
	GlobalSection(ExtensibilityGlobals) = postSolution
		SolutionGuid = {5276A491-2D59-4E48-9BB0-2912567B20B6}
	EndGlobalSection
EndGlobal
